
Microsoft Visual Studio Solution File, Format Version 12.00
# Visual Studio 15
VisualStudioVersion = 15.0.28307.705
MinimumVisualStudioVersion = 10.0.40219.1
Project("{888888A0-9F3D-457C-B088-3A5042F75D52}") = "PythonGui", "PythonGui\PythonGui.pyproj", "{38EFBFE9-DE5D-435A-A24F-E251A6FAF360}"
EndProject
Global
	GlobalSection(SolutionConfigurationPlatforms) = preSolution
		Debug|Any CPU = Debug|Any CPU
		Release|Any CPU = Release|Any CPU
	EndGlobalSection
	GlobalSection(ProjectConfigurationPlatforms) = postSolution
		{38EFBFE9-DE5D-435A-A24F-E251A6FAF360}.Debug|Any CPU.ActiveCfg = Debug|Any CPU
		{38EFBFE9-DE5D-435A-A24F-E251A6FAF360}.Release|Any CPU.ActiveCfg = Release|Any CPU
	EndGlobalSection
	GlobalSection(SolutionProperties) = preSolution
		HideSolutionNode = FALSE
	EndGlobalSection
	GlobalSection(ExtensibilityGlobals) = postSolution
		SolutionGuid = {904380DF-5BBE-417D-9EF5-79CC73B4C663}
	EndGlobalSection
EndGlobal
